PODS:
  - FSCalendar (2.7.9)
  - Realm (3.3.2):
    - Realm/Headers (= 3.3.2)
  - Realm/Headers (3.3.2)
  - RealmSwift (3.3.2):
    - Realm (= 3.3.2)
  - Toaster (2.1.1)

DEPENDENCIES:
  - FSCalendar
  - RealmSwift
  - Toaster

SPEC CHECKSUMS:
  FSCalendar: a04b09f16f811bc92e82f3cf852a15225233b9d5
  Realm: d927fbf66df5532cfafc08afb5f7e53ded37b894
  RealmSwift: 4e903a494e05d866581d69ad6f7e7b879d446baf
  Toaster: a6c9532de1ded8105e77376f7dffeb2e12b46dbb

PODFILE CHECKSUM: 53d3cb9ffe61fb83ed628dac4d18d8e810b42488

COCOAPODS: 1.4.0
