PODS:
  - FSCalendar (2.7.9)
  - lottie-ios (2.5.0)
  - Realm (3.7.6):
    - Realm/Headers (= 3.7.6)
  - Realm/Headers (3.7.6)
  - RealmSwift (3.7.6):
    - Realm (= 3.7.6)
  - SnapKit (4.0.0)

DEPENDENCIES:
  - FSCalendar
  - lottie-ios
  - RealmSwift
  - SnapKit (~> 4.0.0)

SPEC CHECKSUMS:
  FSCalendar: a04b09f16f811bc92e82f3cf852a15225233b9d5
  lottie-ios: d699fdee68d7b63e721d949388b015fef1aaa4ac
  Realm: 9eaecad54712d6246d08ba34c10f354e4715d7d3
  RealmSwift: 1fe08b4ebaeeaacf17f9ba0343f7b25c9fc31fa6
  SnapKit: a42d492c16e80209130a3379f73596c3454b7694

PODFILE CHECKSUM: e95f9b301d284b0f2935c69cee96a795612d9a57

COCOAPODS: 1.4.0
