PODS:
  - FSCalendar (2.8.0)
  - JTAppleCalendar (7.1.6)
  - lottie-ios (2.5.2)
  - Realm (3.11.2):
    - Realm/Headers (= 3.11.2)
  - Realm/Headers (3.11.2)
  - RealmSwift (3.11.2):
    - Realm (= 3.11.2)
  - SnapKit (4.0.1)

DEPENDENCIES:
  - FSCalendar
  - JTAppleCalendar (~> 7.0)
  - lottie-ios
  - RealmSwift
  - SnapKit (~> 4.0.0)

SPEC CHECKSUMS:
  FSCalendar: 3a5ed3636e2ba1b83ebebfcf0c2603105a6f5efe
  JTAppleCalendar: abb30678f42a4ef8a340a932b1dcb8c85a33dac2
  lottie-ios: 3fef45d3fabe63e3c7c2eb603dd64ddfffc73062
  Realm: 864477d028db77f7c5a0cba64a4892ad53db128a
  RealmSwift: 12b8262fc08020b47de4fd88eb3d5c9425b34ec7
  SnapKit: 0de968a9fec17499afa29683b05d0c775b6d1c29

PODFILE CHECKSUM: c16cf849a19b910d1194c7792c3fa33f6d97e202

COCOAPODS: 1.4.0
